
Microsoft Visual Studio Solution File, Format Version 12.00
# Visual Studio 15
VisualStudioVersion = 15.0.27703.2026
MinimumVisualStudioVersion = 10.0.40219.1
Project("{FAE04EC0-301F-11D3-BF4B-00C04F79EFBC}") = "PivotGenerator", "PivotGenerator\PivotGenerator.csproj", "{E7A74008-CF29-465E-9812-E1AF6EBFB2BD}"
EndProject
Project("{FAE04EC0-301F-11D3-BF4B-00C04F79EFBC}") = "Persistence", "Persistence\Persistence.csproj", "{832635DF-060D-417F-B388-6007F288A187}"
EndProject
Global
	GlobalSection(SolutionConfigurationPlatforms) = preSolution
		Debug|Any CPU = Debug|Any CPU
		Release|Any CPU = Release|Any CPU
	EndGlobalSection
	GlobalSection(ProjectConfigurationPlatforms) = postSolution
		{E7A74008-CF29-465E-9812-E1AF6EBFB2BD}.Debug|Any CPU.ActiveCfg = Debug|Any CPU
		{E7A74008-CF29-465E-9812-E1AF6EBFB2BD}.Debug|Any CPU.Build.0 = Debug|Any CPU
		{E7A74008-CF29-465E-9812-E1AF6EBFB2BD}.Release|Any CPU.ActiveCfg = Release|Any CPU
		{E7A74008-CF29-465E-9812-E1AF6EBFB2BD}.Release|Any CPU.Build.0 = Release|Any CPU
		{832635DF-060D-417F-B388-6007F288A187}.Debug|Any CPU.ActiveCfg = Debug|Any CPU
		{832635DF-060D-417F-B388-6007F288A187}.Debug|Any CPU.Build.0 = Debug|Any CPU
		{832635DF-060D-417F-B388-6007F288A187}.Release|Any CPU.ActiveCfg = Release|Any CPU
		{832635DF-060D-417F-B388-6007F288A187}.Release|Any CPU.Build.0 = Release|Any CPU
	EndGlobalSection
	GlobalSection(SolutionProperties) = preSolution
		HideSolutionNode = FALSE
	EndGlobalSection
	GlobalSection(ExtensibilityGlobals) = postSolution
		SolutionGuid = {0512037B-51FE-4752-9D59-62C7534EC23D}
	EndGlobalSection
EndGlobal
